
Microsoft Visual Studio Solution File, Format Version 12.00
# Visual Studio 15
VisualStudioVersion = 15.0.27004.2005
MinimumVisualStudioVersion = 10.0.40219.1
Project("{FAE04EC0-301F-11D3-BF4B-00C04F79EFBC}") = "Cwel.Docs.Web", "Cwel.Docs.Web\Cwel.Docs.Web.csproj", "{AFB8517B-504B-4640-9A97-D24E90971E13}"
EndProject
Project("{2150E333-8FDC-42A3-9474-1A3956D46DE8}") = "Lib", "Lib", "{A609099A-2CC4-49D1-8EA7-BBF1332BD114}"
EndProject
Project("{FAE04EC0-301F-11D3-BF4B-00C04F79EFBC}") = "Cwel", "Cwel\Cwel.csproj", "{C6AFFDC2-C22D-4E9C-A455-47487FD0AD05}"
EndProject
Project("{FAE04EC0-301F-11D3-BF4B-00C04F79EFBC}") = "Cwel.Tests", "Cwel.Tests\Cwel.Tests.csproj", "{D0E73788-1599-4929-A146-B28906943B4B}"
EndProject
Global
	GlobalSection(SolutionConfigurationPlatforms) = preSolution
		Debug|Any CPU = Debug|Any CPU
		Release|Any CPU = Release|Any CPU
	EndGlobalSection
	GlobalSection(ProjectConfigurationPlatforms) = postSolution
		{AFB8517B-504B-4640-9A97-D24E90971E13}.Debug|Any CPU.ActiveCfg = Debug|Any CPU
		{AFB8517B-504B-4640-9A97-D24E90971E13}.Debug|Any CPU.Build.0 = Debug|Any CPU
		{AFB8517B-504B-4640-9A97-D24E90971E13}.Release|Any CPU.ActiveCfg = Release|Any CPU
		{AFB8517B-504B-4640-9A97-D24E90971E13}.Release|Any CPU.Build.0 = Release|Any CPU
		{C6AFFDC2-C22D-4E9C-A455-47487FD0AD05}.Debug|Any CPU.ActiveCfg = Debug|Any CPU
		{C6AFFDC2-C22D-4E9C-A455-47487FD0AD05}.Debug|Any CPU.Build.0 = Debug|Any CPU
		{C6AFFDC2-C22D-4E9C-A455-47487FD0AD05}.Release|Any CPU.ActiveCfg = Release|Any CPU
		{C6AFFDC2-C22D-4E9C-A455-47487FD0AD05}.Release|Any CPU.Build.0 = Release|Any CPU
		{D0E73788-1599-4929-A146-B28906943B4B}.Debug|Any CPU.ActiveCfg = Debug|Any CPU
		{D0E73788-1599-4929-A146-B28906943B4B}.Debug|Any CPU.Build.0 = Debug|Any CPU
		{D0E73788-1599-4929-A146-B28906943B4B}.Release|Any CPU.ActiveCfg = Release|Any CPU
		{D0E73788-1599-4929-A146-B28906943B4B}.Release|Any CPU.Build.0 = Release|Any CPU
	EndGlobalSection
	GlobalSection(SolutionProperties) = preSolution
		HideSolutionNode = FALSE
	EndGlobalSection
	GlobalSection(NestedProjects) = preSolution
		{C6AFFDC2-C22D-4E9C-A455-47487FD0AD05} = {A609099A-2CC4-49D1-8EA7-BBF1332BD114}
		{D0E73788-1599-4929-A146-B28906943B4B} = {A609099A-2CC4-49D1-8EA7-BBF1332BD114}
	EndGlobalSection
	GlobalSection(ExtensibilityGlobals) = postSolution
		SolutionGuid = {6CA85034-C85E-4A59-B18C-7AFA5B82D2EE}
	EndGlobalSection
EndGlobal
